
Microsoft Visual Studio Solution File, Format Version 12.00
# Visual Studio 15
VisualStudioVersion = 15.0.28010.2041
MinimumVisualStudioVersion = 10.0.40219.1
Project("{8BC9CEB8-8B4A-11D0-8D11-00A0C91BC942}") = "GPGPU test", "GPGPU test\GPGPU test.vcxproj", "{3CD866AC-16E6-4B71-A2BB-B86D5DED3F68}"
EndProject
Project("{8BC9CEB8-8B4A-11D0-8D11-00A0C91BC942}") = "OpenGL test", "OpenGL test\OpenGL test.vcxproj", "{6E0EF3AF-0958-41EA-A424-019521002C8F}"
EndProject
Global
	GlobalSection(SolutionConfigurationPlatforms) = preSolution
		Debug|x64 = Debug|x64
		Debug|x86 = Debug|x86
		Release|x64 = Release|x64
		Release|x86 = Release|x86
	EndGlobalSection
	GlobalSection(ProjectConfigurationPlatforms) = postSolution
		{3CD866AC-16E6-4B71-A2BB-B86D5DED3F68}.Debug|x64.ActiveCfg = Debug|x64
		{3CD866AC-16E6-4B71-A2BB-B86D5DED3F68}.Debug|x64.Build.0 = Debug|x64
		{3CD866AC-16E6-4B71-A2BB-B86D5DED3F68}.Debug|x86.ActiveCfg = Debug|Win32
		{3CD866AC-16E6-4B71-A2BB-B86D5DED3F68}.Debug|x86.Build.0 = Debug|Win32
		{3CD866AC-16E6-4B71-A2BB-B86D5DED3F68}.Release|x64.ActiveCfg = Release|x64
		{3CD866AC-16E6-4B71-A2BB-B86D5DED3F68}.Release|x64.Build.0 = Release|x64
		{3CD866AC-16E6-4B71-A2BB-B86D5DED3F68}.Release|x86.ActiveCfg = Release|Win32
		{3CD866AC-16E6-4B71-A2BB-B86D5DED3F68}.Release|x86.Build.0 = Release|Win32
		{6E0EF3AF-0958-41EA-A424-019521002C8F}.Debug|x64.ActiveCfg = Debug|x64
		{6E0EF3AF-0958-41EA-A424-019521002C8F}.Debug|x64.Build.0 = Debug|x64
		{6E0EF3AF-0958-41EA-A424-019521002C8F}.Debug|x86.ActiveCfg = Debug|Win32
		{6E0EF3AF-0958-41EA-A424-019521002C8F}.Debug|x86.Build.0 = Debug|Win32
		{6E0EF3AF-0958-41EA-A424-019521002C8F}.Release|x64.ActiveCfg = Release|x64
		{6E0EF3AF-0958-41EA-A424-019521002C8F}.Release|x64.Build.0 = Release|x64
		{6E0EF3AF-0958-41EA-A424-019521002C8F}.Release|x86.ActiveCfg = Release|Win32
		{6E0EF3AF-0958-41EA-A424-019521002C8F}.Release|x86.Build.0 = Release|Win32
	EndGlobalSection
	GlobalSection(SolutionProperties) = preSolution
		HideSolutionNode = FALSE
	EndGlobalSection
	GlobalSection(ExtensibilityGlobals) = postSolution
		SolutionGuid = {7B32037E-2219-49B9-9020-3548C7217979}
	EndGlobalSection
EndGlobal
